github.com/jafarsirojov/APM-core v0.0.0-20200214200511-5fe8ec66009e h1:B33Tk7BFhqDR8u7cCMeDsalOhcoO8pxG2H2098h7quY=
github.com/jafarsirojov/APM-core v0.0.0-20200214200511-5fe8ec66009e/go.mod h1:u3OO3le8b5PHwU4BlLV3ld0xIm6HFVJSykCTRECpjuM=
github.com/jafarsirojov/APM-core v0.0.0-20200214224012-8ac17260d20d h1:wfFr6KzWbuWfWqxRdnm7XqwHkctGBl3xoXJLgi5dUTk=
github.com/jafarsirojov/APM-core v0.0.0-20200214224012-8ac17260d20d/go.mod h1:u3OO3le8b5PHwU4BlLV3ld0xIm6HFVJSykCTRECpjuM=
github.com/jafarsirojov/APM-core v0.0.0-20200214234516-45a7908a82e5 h1:9dXKpsm7u5RCyg44Adm/NmIaT03uoECpzBwt3MY9foo=
github.com/jafarsirojov/APM-core v0.0.0-20200214234516-45a7908a82e5/go.mod h1:u3OO3le8b5PHwU4BlLV3ld0xIm6HFVJSykCTRECpjuM=
github.com/jafarsirojov/APM-core v0.0.0-20200215021326-c088c0a0505b h1:ZdBcYib4zJEo8DZqo0Kyq+dRoPOzEq1Fl34dWUuNNzE=
github.com/jafarsirojov/APM-core v0.0.0-20200215021326-c088c0a0505b/go.mod h1:u3OO3le8b5PHwU4BlLV3ld0xIm6HFVJSykCTRECpjuM=
github.com/jafarsirojov/APM-core v0.0.0-20200215050849-9ac45dfe84c4 h1:MQCg+964+wnZ1JapOOtuguic4c2KI2bry60+lufP7Xc=
github.com/jafarsirojov/APM-core v0.0.0-20200215050849-9ac45dfe84c4/go.mod h1:u3OO3le8b5PHwU4BlLV3ld0xIm6HFVJSykCTRECpjuM=
github.com/mattn/go-sqlite3 v2.0.3+incompatible h1:gXHsfypPkaMZrKbD5209QV9jbUTJKjyR5WD3HYQSd+U=
github.com/mattn/go-sqlite3 v2.0.3+incompatible/go.mod h1:FPy6KqzDD04eiIsT53CuJW3U88zkxoIYsOqkbpncsNc=
